// !$*UTF8*$!
{
	archiveVersion = 1;
	classes = {
	};
	objectVersion = 50;
	objects = {

/* Begin PBXBuildFile section */
		56718507217DAF300052FE1E /* AppDelegate.swift in Sources */ = {isa = PBXBuildFile; fileRef = 56718506217DAF300052FE1E /* AppDelegate.swift */; };
		56718509217DAF300052FE1E /* ViewController.swift in Sources */ = {isa = PBXBuildFile; fileRef = 56718508217DAF300052FE1E /* ViewController.swift */; };
		5671850E217DAF3B0052FE1E /* Assets.xcassets in Resources */ = {isa = PBXBuildFile; fileRef = 5671850D217DAF3B0052FE1E /* Assets.xcassets */; };
		56718511217DAF3B0052FE1E /* LaunchScreen.storyboard in Resources */ = {isa = PBXBuildFile; fileRef = 5671850F217DAF3B0052FE1E /* LaunchScreen.storyboard */; };
		5671851A217DB0310052FE1E /* ImageCell.swift in Sources */ = {isa = PBXBuildFile; fileRef = 56718518217DB0310052FE1E /* ImageCell.swift */; };
		5671851B217DB0310052FE1E /* ImageCell.xib in Resources */ = {isa = PBXBuildFile; fileRef = 56718519217DB0310052FE1E /* ImageCell.xib */; };
		5671851D217DB08A0052FE1E /* ListViewModel.swift in Sources */ = {isa = PBXBuildFile; fileRef = 5671851C217DB08A0052FE1E /* ListViewModel.swift */; };
		5671851F217DB14B0052FE1E /* car.jpeg in Resources */ = {isa = PBXBuildFile; fileRef = 5671851E217DB14B0052FE1E /* car.jpeg */; };
		56718521217DB6B30052FE1E /* ViewController.xib in Resources */ = {isa = PBXBuildFile; fileRef = 56718520217DB6B30052FE1E /* ViewController.xib */; };
/* End PBXBuildFile section */

/* Begin PBXFileReference section */
		56718503217DAF300052FE1E /* TableViewCellAnimation.app */ = {isa = PBXFileReference; explicitFileType = wrapper.application; includeInIndex = 0; path = TableViewCellAnimation.app; sourceTree = BUILT_PRODUCTS_DIR; };
		56718506217DAF300052FE1E /* AppDelegate.swift */ = {isa = PBXFileReference; lastKnownFileType = sourcecode.swift; path = AppDelegate.swift; sourceTree = "<group>"; };
		56718508217DAF300052FE1E /* ViewController.swift */ = {isa = PBXFileReference; lastKnownFileType = sourcecode.swift; path = ViewController.swift; sourceTree = "<group>"; };
		5671850D217DAF3B0052FE1E /* Assets.xcassets */ = {isa = PBXFileReference; lastKnownFileType = folder.assetcatalog; path = Assets.xcassets; sourceTree = "<group>"; };
		56718510217DAF3B0052FE1E /* Base */ = {isa = PBXFileReference; lastKnownFileType = file.storyboard; name = Base; path = Base.lproj/LaunchScreen.storyboard; sourceTree = "<group>"; };
		56718512217DAF3B0052FE1E /* Info.plist */ = {isa = PBXFileReference; lastKnownFileType = text.plist.xml; path = Info.plist; sourceTree = "<group>"; };
		56718518217DB0310052FE1E /* ImageCell.swift */ = {isa = PBXFileReference; lastKnownFileType = sourcecode.swift; path = ImageCell.swift; sourceTree = "<group>"; };
		56718519217DB0310052FE1E /* ImageCell.xib */ = {isa = PBXFileReference; lastKnownFileType = file.xib; path = ImageCell.xib; sourceTree = "<group>"; };
		5671851C217DB08A0052FE1E /* ListViewModel.swift */ = {isa = PBXFileReference; lastKnownFileType = sourcecode.swift; path = ListViewModel.swift; sourceTree = "<group>"; };
		5671851E217DB14B0052FE1E /* car.jpeg */ = {isa = PBXFileReference; lastKnownFileType = image.jpeg; path = car.jpeg; sourceTree = "<group>"; };
		56718520217DB6B30052FE1E /* ViewController.xib */ = {isa = PBXFileReference; lastKnownFileType = file.xib; path = ViewController.xib; sourceTree = "<group>"; };
/* End PBXFileReference section */

/* Begin PBXFrameworksBuildPhase section */
		56718500217DAF300052FE1E /* Frameworks */ = {
			isa = PBXFrameworksBuildPhase;
			buildActionMask = 2147483647;
			files = (
			);
			runOnlyForDeploymentPostprocessing = 0;
		};
/* End PBXFrameworksBuildPhase section */

/* Begin PBXGroup section */
		567184FA217DAF300052FE1E = {
			isa = PBXGroup;
			children = (
				56718505217DAF300052FE1E /* TableViewCellAnimation */,
				56718504217DAF300052FE1E /* Products */,
			);
			sourceTree = "<group>";
		};
		56718504217DAF300052FE1E /* Products */ = {
			isa = PBXGroup;
			children = (
				56718503217DAF300052FE1E /* TableViewCellAnimation.app */,
			);
			name = Products;
			sourceTree = "<group>";
		};
		56718505217DAF300052FE1E /* TableViewCellAnimation */ = {
			isa = PBXGroup;
			children = (
				5671851E217DB14B0052FE1E /* car.jpeg */,
				56718506217DAF300052FE1E /* AppDelegate.swift */,
				56718508217DAF300052FE1E /* ViewController.swift */,
				56718520217DB6B30052FE1E /* ViewController.xib */,
				5671850D217DAF3B0052FE1E /* Assets.xcassets */,
				5671850F217DAF3B0052FE1E /* LaunchScreen.storyboard */,
				56718512217DAF3B0052FE1E /* Info.plist */,
				56718518217DB0310052FE1E /* ImageCell.swift */,
				56718519217DB0310052FE1E /* ImageCell.xib */,
				5671851C217DB08A0052FE1E /* ListViewModel.swift */,
			);
			path = TableViewCellAnimation;
			sourceTree = "<group>";
		};
/* End PBXGroup section */

/* Begin PBXNativeTarget section */
		56718502217DAF300052FE1E /* TableViewCellAnimation */ = {
			isa = PBXNativeTarget;
			buildConfigurationList = 56718515217DAF3B0052FE1E /* Build configuration list for PBXNativeTarget "TableViewCellAnimation" */;
			buildPhases = (
				567184FF217DAF300052FE1E /* Sources */,
				56718500217DAF300052FE1E /* Frameworks */,
				56718501217DAF300052FE1E /* Resources */,
			);
			buildRules = (
			);
			dependencies = (
			);
			name = TableViewCellAnimation;
			productName = TableViewCellAnimation;
			productReference = 56718503217DAF300052FE1E /* TableViewCellAnimation.app */;
			productType = "com.apple.product-type.application";
		};
/* End PBXNativeTarget section */

/* Begin PBXProject section */
		567184FB217DAF300052FE1E /* Project object */ = {
			isa = PBXProject;
			attributes = {
				LastSwiftUpdateCheck = 0940;
				LastUpgradeCheck = 0940;
				ORGANIZATIONNAME = "Shantaram Kokate";
				TargetAttributes = {
					56718502217DAF300052FE1E = {
						CreatedOnToolsVersion = 9.4;
					};
				};
			};
			buildConfigurationList = 567184FE217DAF300052FE1E /* Build configuration list for PBXProject "TableViewCellAnimation" */;
			compatibilityVersion = "Xcode 9.3";
			developmentRegion = en;
			hasScannedForEncodings = 0;
			knownRegions = (
				en,
				Base,
			);
			mainGroup = 567184FA217DAF300052FE1E;
			productRefGroup = 56718504217DAF300052FE1E /* Products */;
			projectDirPath = "";
			projectRoot = "";
			targets = (
				56718502217DAF300052FE1E /* TableViewCellAnimation */,
			);
		};
/* End PBXProject section */

/* Begin PBXResourcesBuildPhase section */
		56718501217DAF300052FE1E /* Resources */ = {
			isa = PBXResourcesBuildPhase;
			buildActionMask = 2147483647;
			files = (
				56718521217DB6B30052FE1E /* ViewController.xib in Resources */,
				5671851F217DB14B0052FE1E /* car.jpeg in Resources */,
				56718511217DAF3B0052FE1E /* LaunchScreen.storyboard in Resources */,
				5671851B217DB0310052FE1E /* ImageCell.xib in Resources */,
				5671850E217DAF3B0052FE1E /* Assets.xcassets in Resources */,
			);
			runOnlyForDeploymentPostprocessing = 0;
		};
/* End PBXResourcesBuildPhase section */

/* Begin PBXSourcesBuildPhase section */
		567184FF217DAF300052FE1E /* Sources */ = {
			isa = PBXSourcesBuildPhase;
			buildActionMask = 2147483647;
			files = (
				56718509217DAF300052FE1E /* ViewController.swift in Sources */,
				56718507217DAF300052FE1E /* AppDelegate.swift in Sources */,
				5671851D217DB08A0052FE1E /* ListViewModel.swift in Sources */,
				5671851A217DB0310052FE1E /* ImageCell.swift in Sources */,
			);
			runOnlyForDeploymentPostprocessing = 0;
		};
/* End PBXSourcesBuildPhase section */

/* Begin PBXVariantGroup section */
		5671850F217DAF3B0052FE1E /* LaunchScreen.storyboard */ = {
			isa = PBXVariantGroup;
			children = (
				56718510217DAF3B0052FE1E /* Base */,
			);
			name = LaunchScreen.storyboard;
			sourceTree = "<group>";
		};
/* End PBXVariantGroup section */

/* Begin XCBuildConfiguration section */
		56718513217DAF3B0052FE1E /* Debug */ = {
			isa = XCBuildConfiguration;
			buildSettings = {
				ALWAYS_SEARCH_USER_PATHS = NO;
				CLANG_ANALYZER_NONNULL = YES;
				CLANG_ANALYZER_NUMBER_OBJECT_CONVERSION = YES_AGGRESSIVE;
				CLANG_CXX_LANGUAGE_STANDARD = "gnu++14";
				CLANG_CXX_LIBRARY = "libc++";
				CLANG_ENABLE_MODULES = YES;
				CLANG_ENABLE_OBJC_ARC = YES;
				CLANG_ENABLE_OBJC_WEAK = YES;
				CLANG_WARN_BLOCK_CAPTURE_AUTORELEASING = YES;
				CLANG_WARN_BOOL_CONVERSION = YES;
				CLANG_WARN_COMMA = YES;
				CLANG_WARN_CONSTANT_CONVERSION = YES;
				CLANG_WARN_DEPRECATED_OBJC_IMPLEMENTATIONS = YES;
				CLANG_WARN_DIRECT_OBJC_ISA_USAGE = YES_ERROR;
				CLANG_WARN_DOCUMENTATION_COMMENTS = YES;
				CLANG_WARN_EMPTY_BODY = YES;
				CLANG_WARN_ENUM_CONVERSION = YES;
				CLANG_WARN_INFINITE_RECURSION = YES;
				CLANG_WARN_INT_CONVERSION = YES;
				CLANG_WARN_NON_LITERAL_NULL_CONVERSION = YES;
				CLANG_WARN_OBJC_IMPLICIT_RETAIN_SELF = YES;
				CLANG_WARN_OBJC_LITERAL_CONVERSION = YES;
				CLANG_WARN_OBJC_ROOT_CLASS = YES_ERROR;
				CLANG_WARN_RANGE_LOOP_ANALYSIS = YES;
				CLANG_WARN_STRICT_PROTOTYPES = YES;
				CLANG_WARN_SUSPICIOUS_MOVE = YES;
				CLANG_WARN_UNGUARDED_AVAILABILITY = YES_AGGRESSIVE;
				CLANG_WARN_UNREACHABLE_CODE = YES;
				CLANG_WARN__DUPLICATE_METHOD_MATCH = YES;
				CODE_SIGN_IDENTITY = "iPhone Developer";
				COPY_PHASE_STRIP = NO;
				DEBUG_INFORMATION_FORMAT = dwarf;
				ENABLE_STRICT_OBJC_MSGSEND = YES;
				ENABLE_TESTABILITY = YES;
				GCC_C_LANGUAGE_STANDARD = gnu11;
				GCC_DYNAMIC_NO_PIC = NO;
				GCC_NO_COMMON_BLOCKS = YES;
				GCC_OPTIMIZATION_LEVEL = 0;
				GCC_PREPROCESSOR_DEFINITIONS = (
					"DEBUG=1",
					"$(inherited)",
				);
				GCC_WARN_64_TO_32_BIT_CONVERSION = YES;
				GCC_WARN_ABOUT_RETURN_TYPE = YES_ERROR;
				GCC_WARN_UNDECLARED_SELECTOR = YES;
				GCC_WARN_UNINITIALIZED_AUTOS = YES_AGGRESSIVE;
				GCC_WARN_UNUSED_FUNCTION = YES;
				GCC_WARN_UNUSED_VARIABLE = YES;
				IPHONEOS_DEPLOYMENT_TARGET = 11.4;
				MTL_ENABLE_DEBUG_INFO = YES;
				ONLY_ACTIVE_ARCH = YES;
				SDKROOT = iphoneos;
				SWIFT_ACTIVE_COMPILATION_CONDITIONS = DEBUG;
				SWIFT_OPTIMIZATION_LEVEL = "-Onone";
			};
			name = Debug;
		};
		56718514217DAF3B0052FE1E /* Release */ = {
			isa = XCBuildConfiguration;
			buildSettings = {
				ALWAYS_SEARCH_USER_PATHS = NO;
				CLANG_ANALYZER_NONNULL = YES;
				CLANG_ANALYZER_NUMBER_OBJECT_CONVERSION = YES_AGGRESSIVE;
				CLANG_CXX_LANGUAGE_STANDARD = "gnu++14";
				CLANG_CXX_LIBRARY = "libc++";
				CLANG_ENABLE_MODULES = YES;
				CLANG_ENABLE_OBJC_ARC = YES;
				CLANG_ENABLE_OBJC_WEAK = YES;
				CLANG_WARN_BLOCK_CAPTURE_AUTORELEASING = YES;
				CLANG_WARN_BOOL_CONVERSION = YES;
				CLANG_WARN_COMMA = YES;
				CLANG_WARN_CONSTANT_CONVERSION = YES;
				CLANG_WARN_DEPRECATED_OBJC_IMPLEMENTATIONS = YES;
				CLANG_WARN_DIRECT_OBJC_ISA_USAGE = YES_ERROR;
				CLANG_WARN_DOCUMENTATION_COMMENTS = YES;
				CLANG_WARN_EMPTY_BODY = YES;
				CLANG_WARN_ENUM_CONVERSION = YES;
				CLANG_WARN_INFINITE_RECURSION = YES;
				CLANG_WARN_INT_CONVERSION = YES;
				CLANG_WARN_NON_LITERAL_NULL_CONVERSION = YES;
				CLANG_WARN_OBJC_IMPLICIT_RETAIN_SELF = YES;
				CLANG_WARN_OBJC_LITERAL_CONVERSION = YES;
				CLANG_WARN_OBJC_ROOT_CLASS = YES_ERROR;
				CLANG_WARN_RANGE_LOOP_ANALYSIS = YES;
				CLANG_WARN_STRICT_PROTOTYPES = YES;
				CLANG_WARN_SUSPICIOUS_MOVE = YES;
				CLANG_WARN_UNGUARDED_AVAILABILITY = YES_AGGRESSIVE;
				CLANG_WARN_UNREACHABLE_CODE = YES;
				CLANG_WARN__DUPLICATE_METHOD_MATCH = YES;
				CODE_SIGN_IDENTITY = "iPhone Developer";
				COPY_PHASE_STRIP = NO;
				DEBUG_INFORMATION_FORMAT = "dwarf-with-dsym";
				ENABLE_NS_ASSERTIONS = NO;
				ENABLE_STRICT_OBJC_MSGSEND = YES;
				GCC_C_LANGUAGE_STANDARD = gnu11;
				GCC_NO_COMMON_BLOCKS = YES;
				GCC_WARN_64_TO_32_BIT_CONVERSION = YES;
				GCC_WARN_ABOUT_RETURN_TYPE = YES_ERROR;
				GCC_WARN_UNDECLARED_SELECTOR = YES;
				GCC_WARN_UNINITIALIZED_AUTOS = YES_AGGRESSIVE;
				GCC_WARN_UNUSED_FUNCTION = YES;
				GCC_WARN_UNUSED_VARIABLE = YES;
				IPHONEOS_DEPLOYMENT_TARGET = 11.4;
				MTL_ENABLE_DEBUG_INFO = NO;
				SDKROOT = iphoneos;
				SWIFT_COMPILATION_MODE = wholemodule;
				SWIFT_OPTIMIZATION_LEVEL = "-O";
				VALIDATE_PRODUCT = YES;
			};
			name = Release;
		};
		56718516217DAF3B0052FE1E /* Debug */ = {
			isa = XCBuildConfiguration;
			buildSettings = {
				ASSETCATALOG_COMPILER_APPICON_NAME = AppIcon;
				CODE_SIGN_STYLE = Automatic;
				DEVELOPMENT_TEAM = GA4BAP9K3F;
				INFOPLIST_FILE = TableViewCellAnimation/Info.plist;
				LD_RUNPATH_SEARCH_PATHS = (
					"$(inherited)",
					"@executable_path/Frameworks",
				);
				PRODUCT_BUNDLE_IDENTIFIER = com.flyTechServices.TableViewCellAnimation;
				PRODUCT_NAME = "$(TARGET_NAME)";
				SWIFT_VERSION = 4.0;
				TARGETED_DEVICE_FAMILY = "1,2";
			};
			name = Debug;
		};
		56718517217DAF3B0052FE1E /* Release */ = {
			isa = XCBuildConfiguration;
			buildSettings = {
				ASSETCATALOG_COMPILER_APPICON_NAME = AppIcon;
				CODE_SIGN_STYLE = Automatic;
				DEVELOPMENT_TEAM = GA4BAP9K3F;
				INFOPLIST_FILE = TableViewCellAnimation/Info.plist;
				LD_RUNPATH_SEARCH_PATHS = (
					"$(inherited)",
					"@executable_path/Frameworks",
				);
				PRODUCT_BUNDLE_IDENTIFIER = com.flyTechServices.TableViewCellAnimation;
				PRODUCT_NAME = "$(TARGET_NAME)";
				SWIFT_VERSION = 4.0;
				TARGETED_DEVICE_FAMILY = "1,2";
			};
			name = Release;
		};
/* End XCBuildConfiguration section */

/* Begin XCConfigurationList section */
		567184FE217DAF300052FE1E /* Build configuration list for PBXProject "TableViewCellAnimation" */ = {
			isa = XCConfigurationList;
			buildConfigurations = (
				56718513217DAF3B0052FE1E /* Debug */,
				56718514217DAF3B0052FE1E /* Release */,
			);
			defaultConfigurationIsVisible = 0;
			defaultConfigurationName = Release;
		};
		56718515217DAF3B0052FE1E /* Build configuration list for PBXNativeTarget "TableViewCellAnimation" */ = {
			isa = XCConfigurationList;
			buildConfigurations = (
				56718516217DAF3B0052FE1E /* Debug */,
				56718517217DAF3B0052FE1E /* Release */,
			);
			defaultConfigurationIsVisible = 0;
			defaultConfigurationName = Release;
		};
/* End XCConfigurationList section */
	};
	rootObject = 567184FB217DAF300052FE1E /* Project object */;
}
